
Microsoft Visual Studio Solution File, Format Version 12.00
# Visual Studio Version 17
VisualStudioVersion = 17.2.32602.215
MinimumVisualStudioVersion = 10.0.40219.1
Project("{9A19103F-16F7-4668-BE54-9A1E7A4F7556}") = "CatalogoDeLivros.API", "CatalogoDeLivros.API.csproj", "{7823AECB-6881-4C18-8484-4E5C8BB00DD3}"
EndProject
Project("{9A19103F-16F7-4668-BE54-9A1E7A4F7556}") = "CatalogoDeLivros.Test", "..\CatalogoDeLivros.Test\CatalogoDeLivros.Test.csproj", "{6E8CA618-487C-4508-91F9-09D6E2B54927}"
EndProject
Project("{9A19103F-16F7-4668-BE54-9A1E7A4F7556}") = "CatalogoDeLivros.Application", "..\CatalogoDeLivros.Application\CatalogoDeLivros.Application.csproj", "{A63F6E98-0B2C-443D-9CFE-49BCC1C13DAC}"
EndProject
Project("{FAE04EC0-301F-11D3-BF4B-00C04F79EFBC}") = "CatalogoDeLivros.Core", "..\CatalogoDeLivros.Core\CatalogoDeLivros.Core.csproj", "{351A253C-C673-4CE3-B477-6D7E8896302F}"
EndProject
Global
	GlobalSection(SolutionConfigurationPlatforms) = preSolution
		Debug|Any CPU = Debug|Any CPU
		Release|Any CPU = Release|Any CPU
	EndGlobalSection
	GlobalSection(ProjectConfigurationPlatforms) = postSolution
		{7823AECB-6881-4C18-8484-4E5C8BB00DD3}.Debug|Any CPU.ActiveCfg = Debug|Any CPU
		{7823AECB-6881-4C18-8484-4E5C8BB00DD3}.Debug|Any CPU.Build.0 = Debug|Any CPU
		{7823AECB-6881-4C18-8484-4E5C8BB00DD3}.Release|Any CPU.ActiveCfg = Release|Any CPU
		{7823AECB-6881-4C18-8484-4E5C8BB00DD3}.Release|Any CPU.Build.0 = Release|Any CPU
		{6E8CA618-487C-4508-91F9-09D6E2B54927}.Debug|Any CPU.ActiveCfg = Debug|Any CPU
		{6E8CA618-487C-4508-91F9-09D6E2B54927}.Debug|Any CPU.Build.0 = Debug|Any CPU
		{6E8CA618-487C-4508-91F9-09D6E2B54927}.Release|Any CPU.ActiveCfg = Release|Any CPU
		{6E8CA618-487C-4508-91F9-09D6E2B54927}.Release|Any CPU.Build.0 = Release|Any CPU
		{A63F6E98-0B2C-443D-9CFE-49BCC1C13DAC}.Debug|Any CPU.ActiveCfg = Debug|Any CPU
		{A63F6E98-0B2C-443D-9CFE-49BCC1C13DAC}.Debug|Any CPU.Build.0 = Debug|Any CPU
		{A63F6E98-0B2C-443D-9CFE-49BCC1C13DAC}.Release|Any CPU.ActiveCfg = Release|Any CPU
		{A63F6E98-0B2C-443D-9CFE-49BCC1C13DAC}.Release|Any CPU.Build.0 = Release|Any CPU
		{351A253C-C673-4CE3-B477-6D7E8896302F}.Debug|Any CPU.ActiveCfg = Debug|Any CPU
		{351A253C-C673-4CE3-B477-6D7E8896302F}.Debug|Any CPU.Build.0 = Debug|Any CPU
		{351A253C-C673-4CE3-B477-6D7E8896302F}.Release|Any CPU.ActiveCfg = Release|Any CPU
		{351A253C-C673-4CE3-B477-6D7E8896302F}.Release|Any CPU.Build.0 = Release|Any CPU
	EndGlobalSection
	GlobalSection(SolutionProperties) = preSolution
		HideSolutionNode = FALSE
	EndGlobalSection
	GlobalSection(ExtensibilityGlobals) = postSolution
		SolutionGuid = {FAD93C24-4382-4B6D-9F72-F0A3A6BC575E}
	EndGlobalSection
EndGlobal
